lockfileVersion: '9.0'

settings:
  autoInstallPeers: true
  excludeLinksFromLockfile: false

importers:

  .:
    dependencies:
      gsap:
        specifier: ^3.15.0
        version: 3.15.0
      three:
        specifier: ^0.186.0
        version: 0.186.0

packages:

  gsap@3.15.0:
    resolution: {integrity: sha512-dMW4CWBTUK1AEEDeZc1g4xpPGIrSf9fJF960qbTZmN/QwZIWY5wgliS6JWl9/25fpTGJrMRtSjGtOmPnfjZB+A==}

  three@0.186.0:
    resolution: {integrity: sha512-cr/fIM2ddMSVbYVgkfD4jLJv7Fh/8ZTjvo+7gQeSVGUZHxpx9FDwoL5iC7hUz/LiRA8wMbqfnb90xKfm1/HHkQ==}

snapshots:

  gsap@3.15.0: {}

  three@0.186.0: {}
